Microsoft Visual Studio Solution File, Format Version 12.00
# Visual Studio Version 17
VisualStudioVersion = 17.5.2.0
MinimumVisualStudioVersion = 10.0.40219.1
Project("{FAE04EC0-301F-11D3-BF4B-00C04F79EFBC}") = "greptile_without_instructions", "greptile_without_instructions.csproj", "{679CA481-15FA-5110-9344-9EB5E26577C1}"
EndProject
Global
	GlobalSection(SolutionConfigurationPlatforms) = preSolution
		Debug|Any CPU = Debug|Any CPU
		Release|Any CPU = Release|Any CPU
	EndGlobalSection
	GlobalSection(ProjectConfigurationPlatforms) = postSolution
		{679CA481-15FA-5110-9344-9EB5E26577C1}.Debug|Any CPU.ActiveCfg = Debug|Any CPU
		{679CA481-15FA-5110-9344-9EB5E26577C1}.Debug|Any CPU.Build.0 = Debug|Any CPU
		{679CA481-15FA-5110-9344-9EB5E26577C1}.Release|Any CPU.ActiveCfg = Release|Any CPU
		{679CA481-15FA-5110-9344-9EB5E26577C1}.Release|Any CPU.Build.0 = Release|Any CPU
	EndGlobalSection
	GlobalSection(SolutionProperties) = preSolution
		HideSolutionNode = FALSE
	EndGlobalSection
	GlobalSection(ExtensibilityGlobals) = postSolution
		SolutionGuid = {73C30C45-A16B-4B30-903E-26500FABC5FC}
	EndGlobalSection
EndGlobal
